
Microsoft Visual Studio Solution File, Format Version 12.00
# Visual Studio 15
VisualStudioVersion = 15.0.28010.2026
MinimumVisualStudioVersion = 10.0.40219.1
Project("{FAE04EC0-301F-11D3-BF4B-00C04F79EFBC}") = "CFK_API", "CFK_API\CFK_API.csproj", "{C06E4B17-0BBD-4E54-9DD5-E23F3FE18A6C}"
EndProject
Global
	GlobalSection(SolutionConfigurationPlatforms) = preSolution
		Debug|Any CPU = Debug|Any CPU
		Release|Any CPU = Release|Any CPU
	EndGlobalSection
	GlobalSection(ProjectConfigurationPlatforms) = postSolution
		{C06E4B17-0BBD-4E54-9DD5-E23F3FE18A6C}.Debug|Any CPU.ActiveCfg = Debug|Any CPU
		{C06E4B17-0BBD-4E54-9DD5-E23F3FE18A6C}.Debug|Any CPU.Build.0 = Debug|Any CPU
		{C06E4B17-0BBD-4E54-9DD5-E23F3FE18A6C}.Release|Any CPU.ActiveCfg = Release|Any CPU
		{C06E4B17-0BBD-4E54-9DD5-E23F3FE18A6C}.Release|Any CPU.Build.0 = Release|Any CPU
	EndGlobalSection
	GlobalSection(SolutionProperties) = preSolution
		HideSolutionNode = FALSE
	EndGlobalSection
	GlobalSection(ExtensibilityGlobals) = postSolution
		SolutionGuid = {053AC323-D753-445F-B6E8-A45823079AEE}
	EndGlobalSection
EndGlobal
